
Microsoft Visual Studio Solution File, Format Version 12.00
# Visual Studio Version 17
VisualStudioVersion = 17.13.35818.85 d17.13
MinimumVisualStudioVersion = 10.0.40219.1
Project("{FAE04EC0-301F-11D3-BF4B-00C04F79EFBC}") = "MyMvcApp", "MyMvcApp.csproj", "{5E851747-DBFE-4EB6-9706-8F729B1B4F48}"
EndProject
Global
	GlobalSection(SolutionConfigurationPlatforms) = preSolution
		Debug|Any CPU = Debug|Any CPU
		Release|Any CPU = Release|Any CPU
	EndGlobalSection
	GlobalSection(ProjectConfigurationPlatforms) = postSolution
		{5E851747-DBFE-4EB6-9706-8F729B1B4F48}.Debug|Any CPU.ActiveCfg = Debug|Any CPU
		{5E851747-DBFE-4EB6-9706-8F729B1B4F48}.Debug|Any CPU.Build.0 = Debug|Any CPU
		{5E851747-DBFE-4EB6-9706-8F729B1B4F48}.Release|Any CPU.ActiveCfg = Release|Any CPU
		{5E851747-DBFE-4EB6-9706-8F729B1B4F48}.Release|Any CPU.Build.0 = Release|Any CPU
	EndGlobalSection
	GlobalSection(SolutionProperties) = preSolution
		HideSolutionNode = FALSE
	EndGlobalSection
	GlobalSection(ExtensibilityGlobals) = postSolution
		SolutionGuid = {46A94F82-2893-4346-ACB1-B54E336E9446}
	EndGlobalSection
EndGlobal
